
Microsoft Visual Studio Solution File, Format Version 12.00
# Visual Studio Version 16
VisualStudioVersion = 16.0.29324.140
MinimumVisualStudioVersion = 10.0.40219.1
Project("{FAE04EC0-301F-11D3-BF4B-00C04F79EFBC}") = "UR Manager", "UR Simulator\UR Manager.csproj", "{2E3366EF-88A5-41D8-BA2C-A591C87D2FC4}"
EndProject
Project("{FAE04EC0-301F-11D3-BF4B-00C04F79EFBC}") = "UrbanRivalsCore", "UrbanRivalsCore\UrbanRivalsCore.csproj", "{EEA283D8-1F37-4F9D-8292-BCD541546903}"
EndProject
Project("{2150E333-8FDC-42A3-9474-1A3956D46DE8}") = "Documents", "Documents", "{95C79914-BE28-4005-AF9B-61F1706D9F75}"
	ProjectSection(SolutionItems) = preProject
		Creating new clan.txt = Creating new clan.txt
		Creating new skill.txt = Creating new skill.txt
		Misc.txt = Misc.txt
		Modify leader ability.txt = Modify leader ability.txt
		PreviewRound() Steps.txt = PreviewRound() Steps.txt
	EndProjectSection
EndProject
Project("{FAE04EC0-301F-11D3-BF4B-00C04F79EFBC}") = "UrbanRivalsApiToCoreAdapter", "UrbanRivalsApiToCoreAdapter\UrbanRivalsApiToCoreAdapter.csproj", "{69942A29-C91A-433A-B915-D1839264C9B8}"
EndProject
Project("{9A19103F-16F7-4668-BE54-9A1E7A4F7556}") = "Warcraker.Utils", "Warcraker.Utils\Warcraker.Utils.csproj", "{881F9B55-679F-4163-A464-57C62BC3C7A3}"
EndProject
Project("{9A19103F-16F7-4668-BE54-9A1E7A4F7556}") = "HashUtils", "HashUtils\HashUtils.csproj", "{388B2EA6-BF68-4826-8EBB-566100BC4A6C}"
EndProject
Project("{9A19103F-16F7-4668-BE54-9A1E7A4F7556}") = "Warcraker.UrbanRivals.Core", "Warcraker.UrbanRivals.Core\Warcraker.UrbanRivals.Core.csproj", "{66235846-A50F-4940-820E-40FB25B945B2}"
EndProject
Project("{9A19103F-16F7-4668-BE54-9A1E7A4F7556}") = "Warcraker.UrbanRivals.DataRepository", "Warcraker.UrbanRivals.DataRepository\Warcraker.UrbanRivals.DataRepository.csproj", "{20C91878-E5C0-46DB-A328-44B0306F473C}"
EndProject
Project("{9A19103F-16F7-4668-BE54-9A1E7A4F7556}") = "Warcraker.UrbanRivals.ServerQueries", "Warcraker.UrbanRivals.ServerQueries\Warcraker.UrbanRivals.ServerQueries.csproj", "{02C8335F-5B45-46E1-B8FE-DC2F3B8E4F9C}"
EndProject
Project("{9A19103F-16F7-4668-BE54-9A1E7A4F7556}") = "Warcraker.UrbanRivals.ORM", "Warcraker.UrbanRivals.ORM\Warcraker.UrbanRivals.ORM.csproj", "{7A49BC2F-E155-4947-B159-746B416CF8BF}"
EndProject
Project("{9A19103F-16F7-4668-BE54-9A1E7A4F7556}") = "Warcraker.UrbanRivals.URManager", "Warcraker.UrbanRivals.URManager\Warcraker.UrbanRivals.URManager.csproj", "{BFB8DFDE-32BA-4208-A270-80FFD7D881DE}"
EndProject
Project("{9A19103F-16F7-4668-BE54-9A1E7A4F7556}") = "Warcraker.UrbanRivals.URManager.Bootstrap", "Warcraker.UrbanRivals.URManager.Bootstrap\Warcraker.UrbanRivals.URManager.Bootstrap.csproj", "{58D829E1-B93A-44B3-A31D-EC4D26AD35AB}"
EndProject
Project("{FAE04EC0-301F-11D3-BF4B-00C04F79EFBC}") = "Warcraker.UrbanRivals.Localization", "Warcraker.UrbanRivals.Localization\Warcraker.UrbanRivals.Localization.csproj", "{94BFE3C6-C96F-48A3-9EA0-E145DEC94485}"
EndProject
Project("{FAE04EC0-301F-11D3-BF4B-00C04F79EFBC}") = "Warcraker.Wpf.Utils", "Warcraker.Wpf.Utils\Warcraker.Wpf.Utils.csproj", "{3A5FA462-BB3E-4669-9F13-0D9270F2C7AF}"
EndProject
Project("{9A19103F-16F7-4668-BE54-9A1E7A4F7556}") = "Warcraker.UrbanRivals.URManager.Settings", "Warcraker.UrbanRivals.URManager.Settings\Warcraker.UrbanRivals.URManager.Settings.csproj", "{0BF20D9F-3885-441F-BA93-84AF6F959FC6}"
EndProject
Global
	GlobalSection(SolutionConfigurationPlatforms) = preSolution
		Debug|Any CPU = Debug|Any CPU
		Debug|x64 = Debug|x64
		Debug|x86 = Debug|x86
		Release|Any CPU = Release|Any CPU
		Release|x64 = Release|x64
		Release|x86 = Release|x86
	EndGlobalSection
	GlobalSection(ProjectConfigurationPlatforms) = postSolution
		{2E3366EF-88A5-41D8-BA2C-A591C87D2FC4}.Debug|Any CPU.ActiveCfg = Debug|Any CPU
		{2E3366EF-88A5-41D8-BA2C-A591C87D2FC4}.Debug|Any CPU.Build.0 = Debug|Any CPU
		{2E3366EF-88A5-41D8-BA2C-A591C87D2FC4}.Debug|x64.ActiveCfg = Debug|x64
		{2E3366EF-88A5-41D8-BA2C-A591C87D2FC4}.Debug|x64.Build.0 = Debug|x64
		{2E3366EF-88A5-41D8-BA2C-A591C87D2FC4}.Debug|x86.ActiveCfg = Debug|x86
		{2E3366EF-88A5-41D8-BA2C-A591C87D2FC4}.Debug|x86.Build.0 = Debug|x86
		{2E3366EF-88A5-41D8-BA2C-A591C87D2FC4}.Release|Any CPU.ActiveCfg = Release|Any CPU
		{2E3366EF-88A5-41D8-BA2C-A591C87D2FC4}.Release|Any CPU.Build.0 = Release|Any CPU
		{2E3366EF-88A5-41D8-BA2C-A591C87D2FC4}.Release|x64.ActiveCfg = Release|x64
		{2E3366EF-88A5-41D8-BA2C-A591C87D2FC4}.Release|x64.Build.0 = Release|x64
		{2E3366EF-88A5-41D8-BA2C-A591C87D2FC4}.Release|x86.ActiveCfg = Release|x86
		{2E3366EF-88A5-41D8-BA2C-A591C87D2FC4}.Release|x86.Build.0 = Release|x86
		{EEA283D8-1F37-4F9D-8292-BCD541546903}.Debug|Any CPU.ActiveCfg = Debug|Any CPU
		{EEA283D8-1F37-4F9D-8292-BCD541546903}.Debug|Any CPU.Build.0 = Debug|Any CPU
		{EEA283D8-1F37-4F9D-8292-BCD541546903}.Debug|x64.ActiveCfg = Debug|Any CPU
		{EEA283D8-1F37-4F9D-8292-BCD541546903}.Debug|x86.ActiveCfg = Debug|Any CPU
		{EEA283D8-1F37-4F9D-8292-BCD541546903}.Release|Any CPU.ActiveCfg = Release|Any CPU
		{EEA283D8-1F37-4F9D-8292-BCD541546903}.Release|Any CPU.Build.0 = Release|Any CPU
		{EEA283D8-1F37-4F9D-8292-BCD541546903}.Release|x64.ActiveCfg = Release|Any CPU
		{EEA283D8-1F37-4F9D-8292-BCD541546903}.Release|x86.ActiveCfg = Release|Any CPU
		{69942A29-C91A-433A-B915-D1839264C9B8}.Debug|Any CPU.ActiveCfg = Debug|Any CPU
		{69942A29-C91A-433A-B915-D1839264C9B8}.Debug|Any CPU.Build.0 = Debug|Any CPU
		{69942A29-C91A-433A-B915-D1839264C9B8}.Debug|x64.ActiveCfg = Debug|Any CPU
		{69942A29-C91A-433A-B915-D1839264C9B8}.Debug|x64.Build.0 = Debug|Any CPU
		{69942A29-C91A-433A-B915-D1839264C9B8}.Debug|x86.ActiveCfg = Debug|Any CPU
		{69942A29-C91A-433A-B915-D1839264C9B8}.Debug|x86.Build.0 = Debug|Any CPU
		{69942A29-C91A-433A-B915-D1839264C9B8}.Release|Any CPU.ActiveCfg = Release|Any CPU
		{69942A29-C91A-433A-B915-D1839264C9B8}.Release|Any CPU.Build.0 = Release|Any CPU
		{69942A29-C91A-433A-B915-D1839264C9B8}.Release|x64.ActiveCfg = Release|Any CPU
		{69942A29-C91A-433A-B915-D1839264C9B8}.Release|x64.Build.0 = Release|Any CPU
		{69942A29-C91A-433A-B915-D1839264C9B8}.Release|x86.ActiveCfg = Release|Any CPU
		{69942A29-C91A-433A-B915-D1839264C9B8}.Release|x86.Build.0 = Release|Any CPU
		{881F9B55-679F-4163-A464-57C62BC3C7A3}.Debug|Any CPU.ActiveCfg = Debug|Any CPU
		{881F9B55-679F-4163-A464-57C62BC3C7A3}.Debug|Any CPU.Build.0 = Debug|Any CPU
		{881F9B55-679F-4163-A464-57C62BC3C7A3}.Debug|x64.ActiveCfg = Debug|Any CPU
		{881F9B55-679F-4163-A464-57C62BC3C7A3}.Debug|x64.Build.0 = Debug|Any CPU
		{881F9B55-679F-4163-A464-57C62BC3C7A3}.Debug|x86.ActiveCfg = Debug|Any CPU
		{881F9B55-679F-4163-A464-57C62BC3C7A3}.Debug|x86.Build.0 = Debug|Any CPU
		{881F9B55-679F-4163-A464-57C62BC3C7A3}.Release|Any CPU.ActiveCfg = Release|Any CPU
		{881F9B55-679F-4163-A464-57C62BC3C7A3}.Release|Any CPU.Build.0 = Release|Any CPU
		{881F9B55-679F-4163-A464-57C62BC3C7A3}.Release|x64.ActiveCfg = Release|Any CPU
		{881F9B55-679F-4163-A464-57C62BC3C7A3}.Release|x64.Build.0 = Release|Any CPU
		{881F9B55-679F-4163-A464-57C62BC3C7A3}.Release|x86.ActiveCfg = Release|Any CPU
		{881F9B55-679F-4163-A464-57C62BC3C7A3}.Release|x86.Build.0 = Release|Any CPU
		{388B2EA6-BF68-4826-8EBB-566100BC4A6C}.Debug|Any CPU.ActiveCfg = Debug|Any CPU
		{388B2EA6-BF68-4826-8EBB-566100BC4A6C}.Debug|Any CPU.Build.0 = Debug|Any CPU
		{388B2EA6-BF68-4826-8EBB-566100BC4A6C}.Debug|x64.ActiveCfg = Debug|Any CPU
		{388B2EA6-BF68-4826-8EBB-566100BC4A6C}.Debug|x64.Build.0 = Debug|Any CPU
		{388B2EA6-BF68-4826-8EBB-566100BC4A6C}.Debug|x86.ActiveCfg = Debug|Any CPU
		{388B2EA6-BF68-4826-8EBB-566100BC4A6C}.Debug|x86.Build.0 = Debug|Any CPU
		{388B2EA6-BF68-4826-8EBB-566100BC4A6C}.Release|Any CPU.ActiveCfg = Release|Any CPU
		{388B2EA6-BF68-4826-8EBB-566100BC4A6C}.Release|Any CPU.Build.0 = Release|Any CPU
		{388B2EA6-BF68-4826-8EBB-566100BC4A6C}.Release|x64.ActiveCfg = Release|Any CPU
		{388B2EA6-BF68-4826-8EBB-566100BC4A6C}.Release|x64.Build.0 = Release|Any CPU
		{388B2EA6-BF68-4826-8EBB-566100BC4A6C}.Release|x86.ActiveCfg = Release|Any CPU
		{388B2EA6-BF68-4826-8EBB-566100BC4A6C}.Release|x86.Build.0 = Release|Any CPU
		{66235846-A50F-4940-820E-40FB25B945B2}.Debug|Any CPU.ActiveCfg = Debug|Any CPU
		{66235846-A50F-4940-820E-40FB25B945B2}.Debug|Any CPU.Build.0 = Debug|Any CPU
		{66235846-A50F-4940-820E-40FB25B945B2}.Debug|x64.ActiveCfg = Debug|Any CPU
		{66235846-A50F-4940-820E-40FB25B945B2}.Debug|x64.Build.0 = Debug|Any CPU
		{66235846-A50F-4940-820E-40FB25B945B2}.Debug|x86.ActiveCfg = Debug|Any CPU
		{66235846-A50F-4940-820E-40FB25B945B2}.Debug|x86.Build.0 = Debug|Any CPU
		{66235846-A50F-4940-820E-40FB25B945B2}.Release|Any CPU.ActiveCfg = Release|Any CPU
		{66235846-A50F-4940-820E-40FB25B945B2}.Release|Any CPU.Build.0 = Release|Any CPU
		{66235846-A50F-4940-820E-40FB25B945B2}.Release|x64.ActiveCfg = Release|Any CPU
		{66235846-A50F-4940-820E-40FB25B945B2}.Release|x64.Build.0 = Release|Any CPU
		{66235846-A50F-4940-820E-40FB25B945B2}.Release|x86.ActiveCfg = Release|Any CPU
		{66235846-A50F-4940-820E-40FB25B945B2}.Release|x86.Build.0 = Release|Any CPU
		{20C91878-E5C0-46DB-A328-44B0306F473C}.Debug|Any CPU.ActiveCfg = Debug|Any CPU
		{20C91878-E5C0-46DB-A328-44B0306F473C}.Debug|Any CPU.Build.0 = Debug|Any CPU
		{20C91878-E5C0-46DB-A328-44B0306F473C}.Debug|x64.ActiveCfg = Debug|Any CPU
		{20C91878-E5C0-46DB-A328-44B0306F473C}.Debug|x64.Build.0 = Debug|Any CPU
		{20C91878-E5C0-46DB-A328-44B0306F473C}.Debug|x86.ActiveCfg = Debug|Any CPU
		{20C91878-E5C0-46DB-A328-44B0306F473C}.Debug|x86.Build.0 = Debug|Any CPU
		{20C91878-E5C0-46DB-A328-44B0306F473C}.Release|Any CPU.ActiveCfg = Release|Any CPU
		{20C91878-E5C0-46DB-A328-44B0306F473C}.Release|Any CPU.Build.0 = Release|Any CPU
		{20C91878-E5C0-46DB-A328-44B0306F473C}.Release|x64.ActiveCfg = Release|Any CPU
		{20C91878-E5C0-46DB-A328-44B0306F473C}.Release|x64.Build.0 = Release|Any CPU
		{20C91878-E5C0-46DB-A328-44B0306F473C}.Release|x86.ActiveCfg = Release|Any CPU
		{20C91878-E5C0-46DB-A328-44B0306F473C}.Release|x86.Build.0 = Release|Any CPU
		{02C8335F-5B45-46E1-B8FE-DC2F3B8E4F9C}.Debug|Any CPU.ActiveCfg = Debug|Any CPU
		{02C8335F-5B45-46E1-B8FE-DC2F3B8E4F9C}.Debug|Any CPU.Build.0 = Debug|Any CPU
		{02C8335F-5B45-46E1-B8FE-DC2F3B8E4F9C}.Debug|x64.ActiveCfg = Debug|Any CPU
		{02C8335F-5B45-46E1-B8FE-DC2F3B8E4F9C}.Debug|x64.Build.0 = Debug|Any CPU
		{02C8335F-5B45-46E1-B8FE-DC2F3B8E4F9C}.Debug|x86.ActiveCfg = Debug|Any CPU
		{02C8335F-5B45-46E1-B8FE-DC2F3B8E4F9C}.Debug|x86.Build.0 = Debug|Any CPU
		{02C8335F-5B45-46E1-B8FE-DC2F3B8E4F9C}.Release|Any CPU.ActiveCfg = Release|Any CPU
		{02C8335F-5B45-46E1-B8FE-DC2F3B8E4F9C}.Release|Any CPU.Build.0 = Release|Any CPU
		{02C8335F-5B45-46E1-B8FE-DC2F3B8E4F9C}.Release|x64.ActiveCfg = Release|Any CPU
		{02C8335F-5B45-46E1-B8FE-DC2F3B8E4F9C}.Release|x64.Build.0 = Release|Any CPU
		{02C8335F-5B45-46E1-B8FE-DC2F3B8E4F9C}.Release|x86.ActiveCfg = Release|Any CPU
		{02C8335F-5B45-46E1-B8FE-DC2F3B8E4F9C}.Release|x86.Build.0 = Release|Any CPU
		{7A49BC2F-E155-4947-B159-746B416CF8BF}.Debug|Any CPU.ActiveCfg = Debug|Any CPU
		{7A49BC2F-E155-4947-B159-746B416CF8BF}.Debug|Any CPU.Build.0 = Debug|Any CPU
		{7A49BC2F-E155-4947-B159-746B416CF8BF}.Debug|x64.ActiveCfg = Debug|Any CPU
		{7A49BC2F-E155-4947-B159-746B416CF8BF}.Debug|x64.Build.0 = Debug|Any CPU
		{7A49BC2F-E155-4947-B159-746B416CF8BF}.Debug|x86.ActiveCfg = Debug|Any CPU
		{7A49BC2F-E155-4947-B159-746B416CF8BF}.Debug|x86.Build.0 = Debug|Any CPU
		{7A49BC2F-E155-4947-B159-746B416CF8BF}.Release|Any CPU.ActiveCfg = Release|Any CPU
		{7A49BC2F-E155-4947-B159-746B416CF8BF}.Release|Any CPU.Build.0 = Release|Any CPU
		{7A49BC2F-E155-4947-B159-746B416CF8BF}.Release|x64.ActiveCfg = Release|Any CPU
		{7A49BC2F-E155-4947-B159-746B416CF8BF}.Release|x64.Build.0 = Release|Any CPU
		{7A49BC2F-E155-4947-B159-746B416CF8BF}.Release|x86.ActiveCfg = Release|Any CPU
		{7A49BC2F-E155-4947-B159-746B416CF8BF}.Release|x86.Build.0 = Release|Any CPU
		{BFB8DFDE-32BA-4208-A270-80FFD7D881DE}.Debug|Any CPU.ActiveCfg = Debug|Any CPU
		{BFB8DFDE-32BA-4208-A270-80FFD7D881DE}.Debug|Any CPU.Build.0 = Debug|Any CPU
		{BFB8DFDE-32BA-4208-A270-80FFD7D881DE}.Debug|x64.ActiveCfg = Debug|Any CPU
		{BFB8DFDE-32BA-4208-A270-80FFD7D881DE}.Debug|x64.Build.0 = Debug|Any CPU
		{BFB8DFDE-32BA-4208-A270-80FFD7D881DE}.Debug|x86.ActiveCfg = Debug|Any CPU
		{BFB8DFDE-32BA-4208-A270-80FFD7D881DE}.Debug|x86.Build.0 = Debug|Any CPU
		{BFB8DFDE-32BA-4208-A270-80FFD7D881DE}.Release|Any CPU.ActiveCfg = Release|Any CPU
		{BFB8DFDE-32BA-4208-A270-80FFD7D881DE}.Release|Any CPU.Build.0 = Release|Any CPU
		{BFB8DFDE-32BA-4208-A270-80FFD7D881DE}.Release|x64.ActiveCfg = Release|Any CPU
		{BFB8DFDE-32BA-4208-A270-80FFD7D881DE}.Release|x64.Build.0 = Release|Any CPU
		{BFB8DFDE-32BA-4208-A270-80FFD7D881DE}.Release|x86.ActiveCfg = Release|Any CPU
		{BFB8DFDE-32BA-4208-A270-80FFD7D881DE}.Release|x86.Build.0 = Release|Any CPU
		{58D829E1-B93A-44B3-A31D-EC4D26AD35AB}.Debug|Any CPU.ActiveCfg = Debug|Any CPU
		{58D829E1-B93A-44B3-A31D-EC4D26AD35AB}.Debug|Any CPU.Build.0 = Debug|Any CPU
		{58D829E1-B93A-44B3-A31D-EC4D26AD35AB}.Debug|x64.ActiveCfg = Debug|Any CPU
		{58D829E1-B93A-44B3-A31D-EC4D26AD35AB}.Debug|x64.Build.0 = Debug|Any CPU
		{58D829E1-B93A-44B3-A31D-EC4D26AD35AB}.Debug|x86.ActiveCfg = Debug|Any CPU
		{58D829E1-B93A-44B3-A31D-EC4D26AD35AB}.Debug|x86.Build.0 = Debug|Any CPU
		{58D829E1-B93A-44B3-A31D-EC4D26AD35AB}.Release|Any CPU.ActiveCfg = Release|Any CPU
		{58D829E1-B93A-44B3-A31D-EC4D26AD35AB}.Release|Any CPU.Build.0 = Release|Any CPU
		{58D829E1-B93A-44B3-A31D-EC4D26AD35AB}.Release|x64.ActiveCfg = Release|Any CPU
		{58D829E1-B93A-44B3-A31D-EC4D26AD35AB}.Release|x64.Build.0 = Release|Any CPU
		{58D829E1-B93A-44B3-A31D-EC4D26AD35AB}.Release|x86.ActiveCfg = Release|Any CPU
		{58D829E1-B93A-44B3-A31D-EC4D26AD35AB}.Release|x86.Build.0 = Release|Any CPU
		{94BFE3C6-C96F-48A3-9EA0-E145DEC94485}.Debug|Any CPU.ActiveCfg = Debug|Any CPU
		{94BFE3C6-C96F-48A3-9EA0-E145DEC94485}.Debug|Any CPU.Build.0 = Debug|Any CPU
		{94BFE3C6-C96F-48A3-9EA0-E145DEC94485}.Debug|x64.ActiveCfg = Debug|Any CPU
		{94BFE3C6-C96F-48A3-9EA0-E145DEC94485}.Debug|x64.Build.0 = Debug|Any CPU
		{94BFE3C6-C96F-48A3-9EA0-E145DEC94485}.Debug|x86.ActiveCfg = Debug|Any CPU
		{94BFE3C6-C96F-48A3-9EA0-E145DEC94485}.Debug|x86.Build.0 = Debug|Any CPU
		{94BFE3C6-C96F-48A3-9EA0-E145DEC94485}.Release|Any CPU.ActiveCfg = Release|Any CPU
		{94BFE3C6-C96F-48A3-9EA0-E145DEC94485}.Release|Any CPU.Build.0 = Release|Any CPU
		{94BFE3C6-C96F-48A3-9EA0-E145DEC94485}.Release|x64.ActiveCfg = Release|Any CPU
		{94BFE3C6-C96F-48A3-9EA0-E145DEC94485}.Release|x64.Build.0 = Release|Any CPU
		{94BFE3C6-C96F-48A3-9EA0-E145DEC94485}.Release|x86.ActiveCfg = Release|Any CPU
		{94BFE3C6-C96F-48A3-9EA0-E145DEC94485}.Release|x86.Build.0 = Release|Any CPU
		{3A5FA462-BB3E-4669-9F13-0D9270F2C7AF}.Debug|Any CPU.ActiveCfg = Debug|Any CPU
		{3A5FA462-BB3E-4669-9F13-0D9270F2C7AF}.Debug|Any CPU.Build.0 = Debug|Any CPU
		{3A5FA462-BB3E-4669-9F13-0D9270F2C7AF}.Debug|x64.ActiveCfg = Debug|Any CPU
		{3A5FA462-BB3E-4669-9F13-0D9270F2C7AF}.Debug|x64.Build.0 = Debug|Any CPU
		{3A5FA462-BB3E-4669-9F13-0D9270F2C7AF}.Debug|x86.ActiveCfg = Debug|Any CPU
		{3A5FA462-BB3E-4669-9F13-0D9270F2C7AF}.Debug|x86.Build.0 = Debug|Any CPU
		{3A5FA462-BB3E-4669-9F13-0D9270F2C7AF}.Release|Any CPU.ActiveCfg = Release|Any CPU
		{3A5FA462-BB3E-4669-9F13-0D9270F2C7AF}.Release|Any CPU.Build.0 = Release|Any CPU
		{3A5FA462-BB3E-4669-9F13-0D9270F2C7AF}.Release|x64.ActiveCfg = Release|Any CPU
		{3A5FA462-BB3E-4669-9F13-0D9270F2C7AF}.Release|x64.Build.0 = Release|Any CPU
		{3A5FA462-BB3E-4669-9F13-0D9270F2C7AF}.Release|x86.ActiveCfg = Release|Any CPU
		{3A5FA462-BB3E-4669-9F13-0D9270F2C7AF}.Release|x86.Build.0 = Release|Any CPU
		{0BF20D9F-3885-441F-BA93-84AF6F959FC6}.Debug|Any CPU.ActiveCfg = Debug|Any CPU
		{0BF20D9F-3885-441F-BA93-84AF6F959FC6}.Debug|Any CPU.Build.0 = Debug|Any CPU
		{0BF20D9F-3885-441F-BA93-84AF6F959FC6}.Debug|x64.ActiveCfg = Debug|Any CPU
		{0BF20D9F-3885-441F-BA93-84AF6F959FC6}.Debug|x64.Build.0 = Debug|Any CPU
		{0BF20D9F-3885-441F-BA93-84AF6F959FC6}.Debug|x86.ActiveCfg = Debug|Any CPU
		{0BF20D9F-3885-441F-BA93-84AF6F959FC6}.Debug|x86.Build.0 = Debug|Any CPU
		{0BF20D9F-3885-441F-BA93-84AF6F959FC6}.Release|Any CPU.ActiveCfg = Release|Any CPU
		{0BF20D9F-3885-441F-BA93-84AF6F959FC6}.Release|Any CPU.Build.0 = Release|Any CPU
		{0BF20D9F-3885-441F-BA93-84AF6F959FC6}.Release|x64.ActiveCfg = Release|Any CPU
		{0BF20D9F-3885-441F-BA93-84AF6F959FC6}.Release|x64.Build.0 = Release|Any CPU
		{0BF20D9F-3885-441F-BA93-84AF6F959FC6}.Release|x86.ActiveCfg = Release|Any CPU
		{0BF20D9F-3885-441F-BA93-84AF6F959FC6}.Release|x86.Build.0 = Release|Any CPU
	EndGlobalSection
	GlobalSection(SolutionProperties) = preSolution
		HideSolutionNode = FALSE
	EndGlobalSection
	GlobalSection(ExtensibilityGlobals) = postSolution
		SolutionGuid = {D1A5C25B-57CD-4D52-AC32-4B5CA947C79E}
	EndGlobalSection
EndGlobal
